{
    "_readme": [
        "This file locks the dependencies of your project to a known state",
        "Read more about it at https://getcomposer.org/doc/01-basic-usage.md#composer-lock-the-lock-file",
        "This file is @generated automatically"
    ],
    "hash": "a119cb6448f7108c7798e005d664d8d6",
    "content-hash": "dbee1eb6baf9819b50f227c5d4f46aee",
    "packages": [
        {
            "name": "ckeditor/ckeditor",
            "version": "dev-standard/stable",
            "source": {
                "type": "git",
                "url": "https://github.com/ckeditor/ckeditor-releases.git",
                "reference": "8795f6ad331e9eb300f8da073d7476898d8d8ecb"
            },
            "dist": {
                "type": "zip",
                "url": "https://api.github.com/repos/ckeditor/ckeditor-releases/zipball/8795f6ad331e9eb300f8da073d7476898d8d8ecb",
                "reference": "8795f6ad331e9eb300f8da073d7476898d8d8ecb",
                "shasum": ""
            },
            "type": "library",
            "notification-url": "https://packagist.org/downloads/",
            "license": [
                "GPL-2.0+",
                "LGPL-2.1+",
                "MPL-1.1+"
            ],
            "authors": [
                {
                    "name": "CKSource",
                    "homepage": "http://cksource.com"
                }
            ],
            "description": "JavaScript WYSIWYG web text editor.",
            "homepage": "http://ckeditor.com",
            "keywords": [
                "CKEditor",
                "editor",
                "fckeditor",
                "html",
                "javascript",
                "richtext",
                "text",
                "wysiwyg"
            ],
            "time": "2016-07-13 15:05:29"
        }
    ],
    "packages-dev": [],
    "aliases": [],
    "minimum-stability": "stable",
    "stability-flags": {
        "ckeditor/ckeditor": 20
    },
    "prefer-stable": false,
    "prefer-lowest": false,
    "platform": {
        "php": ">=5.4"
    },
    "platform-dev": []
}
